
Microsoft Visual Studio Solution File, Format Version 12.00
# Visual Studio Version 17
VisualStudioVersion = 17.3.32929.385
MinimumVisualStudioVersion = 10.0.40219.1
Project("{FAE04EC0-301F-11D3-BF4B-00C04F79EFBC}") = "FIT", "FIT.csproj", "{AAEED986-7A0B-4162-A556-9DFDE154C8E7}"
EndProject
Global
	GlobalSection(SolutionConfigurationPlatforms) = preSolution
		Debug|Any CPU = Debug|Any CPU
		Release|Any CPU = Release|Any CPU
	EndGlobalSection
	GlobalSection(ProjectConfigurationPlatforms) = postSolution
		{AAEED986-7A0B-4162-A556-9DFDE154C8E7}.Debug|Any CPU.ActiveCfg = Debug|Any CPU
		{AAEED986-7A0B-4162-A556-9DFDE154C8E7}.Debug|Any CPU.Build.0 = Debug|Any CPU
		{AAEED986-7A0B-4162-A556-9DFDE154C8E7}.Release|Any CPU.ActiveCfg = Release|Any CPU
		{AAEED986-7A0B-4162-A556-9DFDE154C8E7}.Release|Any CPU.Build.0 = Release|Any CPU
	EndGlobalSection
	GlobalSection(SolutionProperties) = preSolution
		HideSolutionNode = FALSE
	EndGlobalSection
	GlobalSection(ExtensibilityGlobals) = postSolution
		SolutionGuid = {584CD3C2-57FA-42B2-9C22-A9853BF79AD3}
	EndGlobalSection
EndGlobal
